
Microsoft Visual Studio Solution File, Format Version 12.00
# Visual Studio Version 17
VisualStudioVersion = 17.5.002.0
MinimumVisualStudioVersion = 10.0.40219.1
Project("{9A19103F-16F7-4668-BE54-9A1E7A4F7556}") = "SchoolProjectA_ClientMVC", "SchoolProjectA_ClientMVC.csproj", "{C7B08E4A-3CDA-4029-B5B6-21C0716656FE}"
EndProject
Global
	GlobalSection(SolutionConfigurationPlatforms) = preSolution
		Debug|Any CPU = Debug|Any CPU
		Release|Any CPU = Release|Any CPU
	EndGlobalSection
	GlobalSection(ProjectConfigurationPlatforms) = postSolution
		{C7B08E4A-3CDA-4029-B5B6-21C0716656FE}.Debug|Any CPU.ActiveCfg = Debug|Any CPU
		{C7B08E4A-3CDA-4029-B5B6-21C0716656FE}.Debug|Any CPU.Build.0 = Debug|Any CPU
		{C7B08E4A-3CDA-4029-B5B6-21C0716656FE}.Release|Any CPU.ActiveCfg = Release|Any CPU
		{C7B08E4A-3CDA-4029-B5B6-21C0716656FE}.Release|Any CPU.Build.0 = Release|Any CPU
	EndGlobalSection
	GlobalSection(SolutionProperties) = preSolution
		HideSolutionNode = FALSE
	EndGlobalSection
	GlobalSection(ExtensibilityGlobals) = postSolution
		SolutionGuid = {B050F01A-1788-49A7-9325-C67FA5268C18}
	EndGlobalSection
EndGlobal
